// !$*UTF8*$!
{
	archiveVersion = 1;
	classes = {
	};
	objectVersion = 46;
	objects = {

/* Begin PBXBuildFile section */
		21E59F3184E8459D1E6E1B59 /* Pods_WuKongIMSDK_Tests.framework in Frameworks */ = {isa = PBXBuildFile; fileRef = 53EA1CA76CD197236CBF1D8B /* Pods_WuKongIMSDK_Tests.framework */; };
		6003F58E195388D20070C39A /* Foundation.framework in Frameworks */ = {isa = PBXBuildFile; fileRef = 6003F58D195388D20070C39A /* Foundation.framework */; };
		6003F590195388D20070C39A /* CoreGraphics.framework in Frameworks */ = {isa = PBXBuildFile; fileRef = 6003F58F195388D20070C39A /* CoreGraphics.framework */; };
		6003F592195388D20070C39A /* UIKit.framework in Frameworks */ = {isa = PBXBuildFile; fileRef = 6003F591195388D20070C39A /* UIKit.framework */; };
		6003F5B0195388D20070C39A /* XCTest.framework in Frameworks */ = {isa = PBXBuildFile; fileRef = 6003F5AF195388D20070C39A /* XCTest.framework */; };
		6003F5B1195388D20070C39A /* Foundation.framework in Frameworks */ = {isa = PBXBuildFile; fileRef = 6003F58D195388D20070C39A /* Foundation.framework */; };
		6003F5B2195388D20070C39A /* UIKit.framework in Frameworks */ = {isa = PBXBuildFile; fileRef = 6003F591195388D20070C39A /* UIKit.framework */; };
		6003F5BA195388D20070C39A /* InfoPlist.strings in Resources */ = {isa = PBXBuildFile; fileRef = 6003F5B8195388D20070C39A /* InfoPlist.strings */; };
		6003F5BC195388D20070C39A /* Tests.m in Sources */ = {isa = PBXBuildFile; fileRef = 6003F5BB195388D20070C39A /* Tests.m */; };
		7114968F2A1B136E000A0C79 /* InfoPlist.strings in Resources */ = {isa = PBXBuildFile; fileRef = 711496812A1B136D000A0C79 /* InfoPlist.strings */; };
		711496902A1B136E000A0C79 /* WKAppDelegate.m in Sources */ = {isa = PBXBuildFile; fileRef = 711496852A1B136D000A0C79 /* WKAppDelegate.m */; };
		711496912A1B136E000A0C79 /* LaunchScreen.storyboard in Resources */ = {isa = PBXBuildFile; fileRef = 711496862A1B136D000A0C79 /* LaunchScreen.storyboard */; };
		711496922A1B136E000A0C79 /* Main.storyboard in Resources */ = {isa = PBXBuildFile; fileRef = 711496882A1B136D000A0C79 /* Main.storyboard */; };
		711496932A1B136E000A0C79 /* main.m in Sources */ = {isa = PBXBuildFile; fileRef = 7114968A2A1B136D000A0C79 /* main.m */; };
		711496942A1B136E000A0C79 /* Images.xcassets in Resources */ = {isa = PBXBuildFile; fileRef = 7114968B2A1B136D000A0C79 /* Images.xcassets */; };
		711496952A1B136E000A0C79 /* WuKongIMSDK-Info.plist in Resources */ = {isa = PBXBuildFile; fileRef = 7114968C2A1B136D000A0C79 /* WuKongIMSDK-Info.plist */; };
		711496962A1B136E000A0C79 /* WKViewController.m in Sources */ = {isa = PBXBuildFile; fileRef = 7114968D2A1B136D000A0C79 /* WKViewController.m */; };
		71A890872388E2CE00AD05A6 /* LIMConnectionManagerTests.m in Sources */ = {isa = PBXBuildFile; fileRef = 71A890852388E1F500AD05A6 /* LIMConnectionManagerTests.m */; };
		71A8909D238B882100AD05A6 /* LIMCoderTests.m in Sources */ = {isa = PBXBuildFile; fileRef = 71A8909C238B882100AD05A6 /* LIMCoderTests.m */; };
		B4544044D243599D70F2EE37 /* Pods_WuKongIMSDK_Example.framework in Frameworks */ = {isa = PBXBuildFile; fileRef = FB53B88802A7F0E6D39067A2 /* Pods_WuKongIMSDK_Example.framework */; };
/* End PBXBuildFile section */

/* Begin PBXContainerItemProxy section */
		6003F5B3195388D20070C39A /* PBXContainerItemProxy */ = {
			isa = PBXContainerItemProxy;
			containerPortal = 6003F582195388D10070C39A /* Project object */;
			proxyType = 1;
			remoteGlobalIDString = 6003F589195388D20070C39A;
			remoteInfo = LiMaoIMSDK;
		};
/* End PBXContainerItemProxy section */

/* Begin PBXFileReference section */
		00E259B3EDD9A63F7FA8D072 /* Pods-WuKongIMiOSSDK_Example.release.xcconfig */ = {isa = PBXFileReference; includeInIndex = 1; lastKnownFileType = text.xcconfig; name = "Pods-WuKongIMiOSSDK_Example.release.xcconfig"; path = "Target Support Files/Pods-WuKongIMiOSSDK_Example/Pods-WuKongIMiOSSDK_Example.release.xcconfig"; sourceTree = "<group>"; };
		03680AC8390501598FC951A6 /* Pods-LiMaoIMSDK_Tests.release.xcconfig */ = {isa = PBXFileReference; includeInIndex = 1; lastKnownFileType = text.xcconfig; name = "Pods-LiMaoIMSDK_Tests.release.xcconfig"; path = "Target Support Files/Pods-LiMaoIMSDK_Tests/Pods-LiMaoIMSDK_Tests.release.xcconfig"; sourceTree = "<group>"; };
		209D67C0C3DCC1C02DF08F77 /* Pods-WuKongIMSDK_Tests.release.xcconfig */ = {isa = PBXFileReference; includeInIndex = 1; lastKnownFileType = text.xcconfig; name = "Pods-WuKongIMSDK_Tests.release.xcconfig"; path = "Target Support Files/Pods-WuKongIMSDK_Tests/Pods-WuKongIMSDK_Tests.release.xcconfig"; sourceTree = "<group>"; };
		36DC9D11BD4E3072D50EBA05 /* Pods-LiMaoIMSDK_Example.debug.xcconfig */ = {isa = PBXFileReference; includeInIndex = 1; lastKnownFileType = text.xcconfig; name = "Pods-LiMaoIMSDK_Example.debug.xcconfig"; path = "Target Support Files/Pods-LiMaoIMSDK_Example/Pods-LiMaoIMSDK_Example.debug.xcconfig"; sourceTree = "<group>"; };
		405AA81B934C04232ECA130D /* LICENSE */ = {isa = PBXFileReference; includeInIndex = 1; lastKnownFileType = text; name = LICENSE; path = ../LICENSE; sourceTree = "<group>"; };
		53EA1CA76CD197236CBF1D8B /* Pods_WuKongIMSDK_Tests.framework */ = {isa = PBXFileReference; explicitFileType = wrapper.framework; includeInIndex = 0; path = Pods_WuKongIMSDK_Tests.framework; sourceTree = BUILT_PRODUCTS_DIR; };
		6003F58A195388D20070C39A /* WuKongIMSDK_Example.app */ = {isa = PBXFileReference; explicitFileType = wrapper.application; includeInIndex = 0; path = WuKongIMSDK_Example.app; sourceTree = BUILT_PRODUCTS_DIR; };
		6003F58D195388D20070C39A /* Foundation.framework */ = {isa = PBXFileReference; lastKnownFileType = wrapper.framework; name = Foundation.framework; path = System/Library/Frameworks/Foundation.framework; sourceTree = SDKROOT; };
		6003F58F195388D20070C39A /* CoreGraphics.framework */ = {isa = PBXFileReference; lastKnownFileType = wrapper.framework; name = CoreGraphics.framework; path = System/Library/Frameworks/CoreGraphics.framework; sourceTree = SDKROOT; };
		6003F591195388D20070C39A /* UIKit.framework */ = {isa = PBXFileReference; lastKnownFileType = wrapper.framework; name = UIKit.framework; path = System/Library/Frameworks/UIKit.framework; sourceTree = SDKROOT; };
		6003F5AE195388D20070C39A /* WuKongIMSDK_Tests.xctest */ = {isa = PBXFileReference; explicitFileType = wrapper.cfbundle; includeInIndex = 0; path = WuKongIMSDK_Tests.xctest; sourceTree = BUILT_PRODUCTS_DIR; };
		6003F5AF195388D20070C39A /* XCTest.framework */ = {isa = PBXFileReference; lastKnownFileType = wrapper.framework; name = XCTest.framework; path = Library/Frameworks/XCTest.framework; sourceTree = DEVELOPER_DIR; };
		6003F5B7195388D20070C39A /* Tests-Info.plist */ = {isa = PBXFileReference; lastKnownFileType = text.plist.xml; path = "Tests-Info.plist"; sourceTree = "<group>"; };
		6003F5B9195388D20070C39A /* en */ = {isa = PBXFileReference; lastKnownFileType = text.plist.strings; name = en; path = en.lproj/InfoPlist.strings; sourceTree = "<group>"; };
		6003F5BB195388D20070C39A /* Tests.m */ = {isa = PBXFileReference; lastKnownFileType = sourcecode.c.objc; path = Tests.m; sourceTree = "<group>"; };
		606FC2411953D9B200FFA9A0 /* Tests-Prefix.pch */ = {isa = PBXFileReference; lastKnownFileType = sourcecode.c.h; path = "Tests-Prefix.pch"; sourceTree = "<group>"; };
		6B509DFF35B67442171BBE4A /* Pods-WuKongIMiOSSDK_Tests.release.xcconfig */ = {isa = PBXFileReference; includeInIndex = 1; lastKnownFileType = text.xcconfig; name = "Pods-WuKongIMiOSSDK_Tests.release.xcconfig"; path = "Target Support Files/Pods-WuKongIMiOSSDK_Tests/Pods-WuKongIMiOSSDK_Tests.release.xcconfig"; sourceTree = "<group>"; };
		711496822A1B136D000A0C79 /* en */ = {isa = PBXFileReference; lastKnownFileType = text.plist.strings; name = en; path = en.lproj/InfoPlist.strings; sourceTree = "<group>"; };
		711496832A1B136D000A0C79 /* WKViewController.h */ = {isa = PBXFileReference; fileEncoding = 4; lastKnownFileType = sourcecode.c.h; path = WKViewController.h; sourceTree = "<group>"; };
		711496842A1B136D000A0C79 /* WuKongIMSDK-Prefix.pch */ = {isa = PBXFileReference; fileEncoding = 4; lastKnownFileType = sourcecode.c.h; path = "WuKongIMSDK-Prefix.pch"; sourceTree = "<group>"; };
		711496852A1B136D000A0C79 /* WKAppDelegate.m */ = {isa = PBXFileReference; fileEncoding = 4; lastKnownFileType = sourcecode.c.objc; path = WKAppDelegate.m; sourceTree = "<group>"; };
		711496872A1B136D000A0C79 /* Base */ = {isa = PBXFileReference; lastKnownFileType = file.storyboard; name = Base; path = Base.lproj/LaunchScreen.storyboard; sourceTree = "<group>"; };
		711496892A1B136D000A0C79 /* Base */ = {isa = PBXFileReference; lastKnownFileType = file.storyboard; name = Base; path = Base.lproj/Main.storyboard; sourceTree = "<group>"; };
		7114968A2A1B136D000A0C79 /* main.m */ = {isa = PBXFileReference; fileEncoding = 4; lastKnownFileType = sourcecode.c.objc; path = main.m; sourceTree = "<group>"; };
		7114968B2A1B136D000A0C79 /* Images.xcassets */ = {isa = PBXFileReference; lastKnownFileType = folder.assetcatalog; path = Images.xcassets; sourceTree = "<group>"; };
		7114968C2A1B136D000A0C79 /* WuKongIMSDK-Info.plist */ = {isa = PBXFileReference; fileEncoding = 4; lastKnownFileType = text.plist.xml; path = "WuKongIMSDK-Info.plist"; sourceTree = "<group>"; };
		7114968D2A1B136D000A0C79 /* WKViewController.m */ = {isa = PBXFileReference; fileEncoding = 4; lastKnownFileType = sourcecode.c.objc; path = WKViewController.m; sourceTree = "<group>"; };
		7114968E2A1B136D000A0C79 /* WKAppDelegate.h */ = {isa = PBXFileReference; fileEncoding = 4; lastKnownFileType = sourcecode.c.h; path = WKAppDelegate.h; sourceTree = "<group>"; };
		71A890852388E1F500AD05A6 /* LIMConnectionManagerTests.m */ = {isa = PBXFileReference; lastKnownFileType = sourcecode.c.objc; path = LIMConnectionManagerTests.m; sourceTree = "<group>"; };
		71A8909C238B882100AD05A6 /* LIMCoderTests.m */ = {isa = PBXFileReference; lastKnownFileType = sourcecode.c.objc; path = LIMCoderTests.m; sourceTree = "<group>"; };
		71E012CFF8D0EF84C1E1B09C /* Pods-WuKongIMSDK_Example.debug.xcconfig */ = {isa = PBXFileReference; includeInIndex = 1; lastKnownFileType = text.xcconfig; name = "Pods-WuKongIMSDK_Example.debug.xcconfig"; path = "Target Support Files/Pods-WuKongIMSDK_Example/Pods-WuKongIMSDK_Example.debug.xcconfig"; sourceTree = "<group>"; };
		7C02AE28CFF1F440D9F02C76 /* Pods-LiMaoIMSDK_Tests.debug.xcconfig */ = {isa = PBXFileReference; includeInIndex = 1; lastKnownFileType = text.xcconfig; name = "Pods-LiMaoIMSDK_Tests.debug.xcconfig"; path = "Target Support Files/Pods-LiMaoIMSDK_Tests/Pods-LiMaoIMSDK_Tests.debug.xcconfig"; sourceTree = "<group>"; };
		9DCF997F6C9880C9B721E2E5 /* Pods-LiMaoIMSDK_Example.release.xcconfig */ = {isa = PBXFileReference; includeInIndex = 1; lastKnownFileType = text.xcconfig; name = "Pods-LiMaoIMSDK_Example.release.xcconfig"; path = "Target Support Files/Pods-LiMaoIMSDK_Example/Pods-LiMaoIMSDK_Example.release.xcconfig"; sourceTree = "<group>"; };
		A1B1BEF6B202A78ADE84454F /* WuKongIMSDK.podspec */ = {isa = PBXFileReference; includeInIndex = 1; lastKnownFileType = text; name = WuKongIMSDK.podspec; path = ../WuKongIMSDK.podspec; sourceTree = "<group>"; xcLanguageSpecificationIdentifier = xcode.lang.ruby; };
		ACF524D03FE59308F180FA95 /* Pods-WuKongIMiOSSDK_Example.debug.xcconfig */ = {isa = PBXFileReference; includeInIndex = 1; lastKnownFileType = text.xcconfig; name = "Pods-WuKongIMiOSSDK_Example.debug.xcconfig"; path = "Target Support Files/Pods-WuKongIMiOSSDK_Example/Pods-WuKongIMiOSSDK_Example.debug.xcconfig"; sourceTree = "<group>"; };
		B882F0C0C38CA580C6DF0A83 /* README.md */ = {isa = PBXFileReference; includeInIndex = 1; lastKnownFileType = net.daringfireball.markdown; name = README.md; path = ../README.md; sourceTree = "<group>"; };
		C1CCC2E9B8F1E3D0E941E4E6 /* Pods-WuKongIMSDK_Tests.debug.xcconfig */ = {isa = PBXFileReference; includeInIndex = 1; lastKnownFileType = text.xcconfig; name = "Pods-WuKongIMSDK_Tests.debug.xcconfig"; path = "Target Support Files/Pods-WuKongIMSDK_Tests/Pods-WuKongIMSDK_Tests.debug.xcconfig"; sourceTree = "<group>"; };
		C9DB65748D6A8B69329F8139 /* Pods-WuKongIMiOSSDK_Tests.debug.xcconfig */ = {isa = PBXFileReference; includeInIndex = 1; lastKnownFileType = text.xcconfig; name = "Pods-WuKongIMiOSSDK_Tests.debug.xcconfig"; path = "Target Support Files/Pods-WuKongIMiOSSDK_Tests/Pods-WuKongIMiOSSDK_Tests.debug.xcconfig"; sourceTree = "<group>"; };
		E0D6D7DF2C359BE42EE85DAE /* Pods-WuKongIMSDK_Example.release.xcconfig */ = {isa = PBXFileReference; includeInIndex = 1; lastKnownFileType = text.xcconfig; name = "Pods-WuKongIMSDK_Example.release.xcconfig"; path = "Target Support Files/Pods-WuKongIMSDK_Example/Pods-WuKongIMSDK_Example.release.xcconfig"; sourceTree = "<group>"; };
		FB53B88802A7F0E6D39067A2 /* Pods_WuKongIMSDK_Example.framework */ = {isa = PBXFileReference; explicitFileType = wrapper.framework; includeInIndex = 0; path = Pods_WuKongIMSDK_Example.framework; sourceTree = BUILT_PRODUCTS_DIR; };
/* End PBXFileReference section */

/* Begin PBXFrameworksBuildPhase section */
		6003F587195388D20070C39A /* Frameworks */ = {
			isa = PBXFrameworksBuildPhase;
			buildActionMask = 2147483647;
			files = (
				6003F590195388D20070C39A /* CoreGraphics.framework in Frameworks */,
				6003F592195388D20070C39A /* UIKit.framework in Frameworks */,
				6003F58E195388D20070C39A /* Foundation.framework in Frameworks */,
				B4544044D243599D70F2EE37 /* Pods_WuKongIMSDK_Example.framework in Frameworks */,
			);
			runOnlyForDeploymentPostprocessing = 0;
		};
		6003F5AB195388D20070C39A /* Frameworks */ = {
			isa = PBXFrameworksBuildPhase;
			buildActionMask = 2147483647;
			files = (
				6003F5B0195388D20070C39A /* XCTest.framework in Frameworks */,
				6003F5B2195388D20070C39A /* UIKit.framework in Frameworks */,
				6003F5B1195388D20070C39A /* Foundation.framework in Frameworks */,
				21E59F3184E8459D1E6E1B59 /* Pods_WuKongIMSDK_Tests.framework in Frameworks */,
			);
			runOnlyForDeploymentPostprocessing = 0;
		};
/* End PBXFrameworksBuildPhase section */

/* Begin PBXGroup section */
		532C2A0DF5B16CBB7294BD74 /* Pods */ = {
			isa = PBXGroup;
			children = (
				36DC9D11BD4E3072D50EBA05 /* Pods-LiMaoIMSDK_Example.debug.xcconfig */,
				9DCF997F6C9880C9B721E2E5 /* Pods-LiMaoIMSDK_Example.release.xcconfig */,
				7C02AE28CFF1F440D9F02C76 /* Pods-LiMaoIMSDK_Tests.debug.xcconfig */,
				03680AC8390501598FC951A6 /* Pods-LiMaoIMSDK_Tests.release.xcconfig */,
				ACF524D03FE59308F180FA95 /* Pods-WuKongIMiOSSDK_Example.debug.xcconfig */,
				00E259B3EDD9A63F7FA8D072 /* Pods-WuKongIMiOSSDK_Example.release.xcconfig */,
				C9DB65748D6A8B69329F8139 /* Pods-WuKongIMiOSSDK_Tests.debug.xcconfig */,
				6B509DFF35B67442171BBE4A /* Pods-WuKongIMiOSSDK_Tests.release.xcconfig */,
				71E012CFF8D0EF84C1E1B09C /* Pods-WuKongIMSDK_Example.debug.xcconfig */,
				E0D6D7DF2C359BE42EE85DAE /* Pods-WuKongIMSDK_Example.release.xcconfig */,
				C1CCC2E9B8F1E3D0E941E4E6 /* Pods-WuKongIMSDK_Tests.debug.xcconfig */,
				209D67C0C3DCC1C02DF08F77 /* Pods-WuKongIMSDK_Tests.release.xcconfig */,
			);
			path = Pods;
			sourceTree = "<group>";
		};
		6003F581195388D10070C39A = {
			isa = PBXGroup;
			children = (
				711496802A1B136D000A0C79 /* WuKongIMSDKExample */,
				60FF7A9C1954A5C5007DD14C /* Podspec Metadata */,
				6003F5B5195388D20070C39A /* Tests */,
				6003F58C195388D20070C39A /* Frameworks */,
				6003F58B195388D20070C39A /* Products */,
				532C2A0DF5B16CBB7294BD74 /* Pods */,
			);
			sourceTree = "<group>";
		};
		6003F58B195388D20070C39A /* Products */ = {
			isa = PBXGroup;
			children = (
				6003F58A195388D20070C39A /* WuKongIMSDK_Example.app */,
				6003F5AE195388D20070C39A /* WuKongIMSDK_Tests.xctest */,
			);
			name = Products;
			sourceTree = "<group>";
		};
		6003F58C195388D20070C39A /* Frameworks */ = {
			isa = PBXGroup;
			children = (
				6003F58D195388D20070C39A /* Foundation.framework */,
				6003F58F195388D20070C39A /* CoreGraphics.framework */,
				6003F591195388D20070C39A /* UIKit.framework */,
				6003F5AF195388D20070C39A /* XCTest.framework */,
				FB53B88802A7F0E6D39067A2 /* Pods_WuKongIMSDK_Example.framework */,
				53EA1CA76CD197236CBF1D8B /* Pods_WuKongIMSDK_Tests.framework */,
			);
			name = Frameworks;
			sourceTree = "<group>";
		};
		6003F5B5195388D20070C39A /* Tests */ = {
			isa = PBXGroup;
			children = (
				71A8909B238B87FB00AD05A6 /* coder */,
				6003F5BB195388D20070C39A /* Tests.m */,
				6003F5B6195388D20070C39A /* Supporting Files */,
				71A890852388E1F500AD05A6 /* LIMConnectionManagerTests.m */,
			);
			path = Tests;
			sourceTree = "<group>";
		};
		6003F5B6195388D20070C39A /* Supporting Files */ = {
			isa = PBXGroup;
			children = (
				6003F5B7195388D20070C39A /* Tests-Info.plist */,
				6003F5B8195388D20070C39A /* InfoPlist.strings */,
				606FC2411953D9B200FFA9A0 /* Tests-Prefix.pch */,
			);
			name = "Supporting Files";
			sourceTree = "<group>";
		};
		60FF7A9C1954A5C5007DD14C /* Podspec Metadata */ = {
			isa = PBXGroup;
			children = (
				A1B1BEF6B202A78ADE84454F /* WuKongIMSDK.podspec */,
				B882F0C0C38CA580C6DF0A83 /* README.md */,
				405AA81B934C04232ECA130D /* LICENSE */,
			);
			name = "Podspec Metadata";
			sourceTree = "<group>";
		};
		711496802A1B136D000A0C79 /* WuKongIMSDKExample */ = {
			isa = PBXGroup;
			children = (
				711496812A1B136D000A0C79 /* InfoPlist.strings */,
				711496832A1B136D000A0C79 /* WKViewController.h */,
				711496842A1B136D000A0C79 /* WuKongIMSDK-Prefix.pch */,
				711496852A1B136D000A0C79 /* WKAppDelegate.m */,
				711496862A1B136D000A0C79 /* LaunchScreen.storyboard */,
				711496882A1B136D000A0C79 /* Main.storyboard */,
				7114968A2A1B136D000A0C79 /* main.m */,
				7114968B2A1B136D000A0C79 /* Images.xcassets */,
				7114968C2A1B136D000A0C79 /* WuKongIMSDK-Info.plist */,
				7114968D2A1B136D000A0C79 /* WKViewController.m */,
				7114968E2A1B136D000A0C79 /* WKAppDelegate.h */,
			);
			path = WuKongIMSDKExample;
			sourceTree = "<group>";
		};
		71A8909B238B87FB00AD05A6 /* coder */ = {
			isa = PBXGroup;
			children = (
				71A8909C238B882100AD05A6 /* LIMCoderTests.m */,
			);
			path = coder;
			sourceTree = "<group>";
		};
/* End PBXGroup section */

/* Begin PBXNativeTarget section */
		6003F589195388D20070C39A /* WuKongIMSDK_Example */ = {
			isa = PBXNativeTarget;
			buildConfigurationList = 6003F5BF195388D20070C39A /* Build configuration list for PBXNativeTarget "WuKongIMSDK_Example" */;
			buildPhases = (
				D75B1EAB6F67B71D8B0E5BAE /* [CP] Check Pods Manifest.lock */,
				6003F586195388D20070C39A /* Sources */,
				6003F587195388D20070C39A /* Frameworks */,
				6003F588195388D20070C39A /* Resources */,
				01C16C31B8737002A0E8AAE7 /* [CP] Embed Pods Frameworks */,
			);
			buildRules = (
			);
			dependencies = (
			);
			name = WuKongIMSDK_Example;
			productName = LiMaoIMSDK;
			productReference = 6003F58A195388D20070C39A /* WuKongIMSDK_Example.app */;
			productType = "com.apple.product-type.application";
		};
		6003F5AD195388D20070C39A /* WuKongIMSDK_Tests */ = {
			isa = PBXNativeTarget;
			buildConfigurationList = 6003F5C2195388D20070C39A /* Build configuration list for PBXNativeTarget "WuKongIMSDK_Tests" */;
			buildPhases = (
				1260E968A885AB1F1F86DD49 /* [CP] Check Pods Manifest.lock */,
				6003F5AA195388D20070C39A /* Sources */,
				6003F5AB195388D20070C39A /* Frameworks */,
				6003F5AC195388D20070C39A /* Resources */,
				29AD8409CCDF18FF26A0ADF8 /* [CP] Embed Pods Frameworks */,
			);
			buildRules = (
			);
			dependencies = (
				6003F5B4195388D20070C39A /* PBXTargetDependency */,
			);
			name = WuKongIMSDK_Tests;
			productName = LiMaoIMSDKTests;
			productReference = 6003F5AE195388D20070C39A /* WuKongIMSDK_Tests.xctest */;
			productType = "com.apple.product-type.bundle.unit-test";
		};
/* End PBXNativeTarget section */

/* Begin PBXProject section */
		6003F582195388D10070C39A /* Project object */ = {
			isa = PBXProject;
			attributes = {
				CLASSPREFIX = LIM;
				LastUpgradeCheck = 1020;
				ORGANIZATIONNAME = tangtaoit;
				TargetAttributes = {
					6003F589195388D20070C39A = {
						DevelopmentTeam = H8PU463W68;
					};
					6003F5AD195388D20070C39A = {
						TestTargetID = 6003F589195388D20070C39A;
					};
				};
			};
			buildConfigurationList = 6003F585195388D10070C39A /* Build configuration list for PBXProject "WuKongIMSDK" */;
			compatibilityVersion = "Xcode 3.2";
			developmentRegion = English;
			hasScannedForEncodings = 0;
			knownRegions = (
				English,
				en,
				Base,
			);
			mainGroup = 6003F581195388D10070C39A;
			productRefGroup = 6003F58B195388D20070C39A /* Products */;
			projectDirPath = "";
			projectRoot = "";
			targets = (
				6003F589195388D20070C39A /* WuKongIMSDK_Example */,
				6003F5AD195388D20070C39A /* WuKongIMSDK_Tests */,
			);
		};
/* End PBXProject section */

/* Begin PBXResourcesBuildPhase section */
		6003F588195388D20070C39A /* Resources */ = {
			isa = PBXResourcesBuildPhase;
			buildActionMask = 2147483647;
			files = (
				711496922A1B136E000A0C79 /* Main.storyboard in Resources */,
				711496942A1B136E000A0C79 /* Images.xcassets in Resources */,
				7114968F2A1B136E000A0C79 /* InfoPlist.strings in Resources */,
				711496952A1B136E000A0C79 /* WuKongIMSDK-Info.plist in Resources */,
				711496912A1B136E000A0C79 /* LaunchScreen.storyboard in Resources */,
			);
			runOnlyForDeploymentPostprocessing = 0;
		};
		6003F5AC195388D20070C39A /* Resources */ = {
			isa = PBXResourcesBuildPhase;
			buildActionMask = 2147483647;
			files = (
				6003F5BA195388D20070C39A /* InfoPlist.strings in Resources */,
			);
			runOnlyForDeploymentPostprocessing = 0;
		};
/* End PBXResourcesBuildPhase section */

/* Begin PBXShellScriptBuildPhase section */
		01C16C31B8737002A0E8AAE7 /* [CP] Embed Pods Frameworks */ = {
			isa = PBXShellScriptBuildPhase;
			buildActionMask = 2147483647;
			files = (
			);
			inputPaths = (
				"${PODS_ROOT}/Target Support Files/Pods-WuKongIMSDK_Example/Pods-WuKongIMSDK_Example-frameworks.sh",
				"${BUILT_PRODUCTS_DIR}/25519/_25519.framework",
				"${BUILT_PRODUCTS_DIR}/CocoaAsyncSocket/CocoaAsyncSocket.framework",
				"${BUILT_PRODUCTS_DIR}/FMDB/FMDB.framework",
				"${BUILT_PRODUCTS_DIR}/SQLCipher/SQLCipher.framework",
				"${BUILT_PRODUCTS_DIR}/WuKongIMSDK/WuKongIMSDK.framework",
				"${BUILT_PRODUCTS_DIR}/libsignal-protocol-c/libsignal_protocol_c.framework",
			);
			name = "[CP] Embed Pods Frameworks";
			outputPaths = (
				"${TARGET_BUILD_DIR}/${FRAMEWORKS_FOLDER_PATH}/_25519.framework",
				"${TARGET_BUILD_DIR}/${FRAMEWORKS_FOLDER_PATH}/CocoaAsyncSocket.framework",
				"${TARGET_BUILD_DIR}/${FRAMEWORKS_FOLDER_PATH}/FMDB.framework",
				"${TARGET_BUILD_DIR}/${FRAMEWORKS_FOLDER_PATH}/SQLCipher.framework",
				"${TARGET_BUILD_DIR}/${FRAMEWORKS_FOLDER_PATH}/WuKongIMSDK.framework",
				"${TARGET_BUILD_DIR}/${FRAMEWORKS_FOLDER_PATH}/libsignal_protocol_c.framework",
			);
			runOnlyForDeploymentPostprocessing = 0;
			shellPath = /bin/sh;
			shellScript = "\"${PODS_ROOT}/Target Support Files/Pods-WuKongIMSDK_Example/Pods-WuKongIMSDK_Example-frameworks.sh\"\n";
			showEnvVarsInLog = 0;
		};
		1260E968A885AB1F1F86DD49 /* [CP] Check Pods Manifest.lock */ = {
			isa = PBXShellScriptBuildPhase;
			buildActionMask = 2147483647;
			files = (
			);
			inputFileListPaths = (
			);
			inputPaths = (
				"${PODS_PODFILE_DIR_PATH}/Podfile.lock",
				"${PODS_ROOT}/Manifest.lock",
			);
			name = "[CP] Check Pods Manifest.lock";
			outputFileListPaths = (
			);
			outputPaths = (
				"$(DERIVED_FILE_DIR)/Pods-WuKongIMSDK_Tests-checkManifestLockResult.txt",
			);
			runOnlyForDeploymentPostprocessing = 0;
			shellPath = /bin/sh;
			shellScript = "diff \"${PODS_PODFILE_DIR_PATH}/Podfile.lock\" \"${PODS_ROOT}/Manifest.lock\" > /dev/null\nif [ $? != 0 ] ; then\n    # print error to STDERR\n    echo \"error: The sandbox is not in sync with the Podfile.lock. Run 'pod install' or update your CocoaPods installation.\" >&2\n    exit 1\nfi\n# This output is used by Xcode 'outputs' to avoid re-running this script phase.\necho \"SUCCESS\" > \"${SCRIPT_OUTPUT_FILE_0}\"\n";
			showEnvVarsInLog = 0;
		};
		29AD8409CCDF18FF26A0ADF8 /* [CP] Embed Pods Frameworks */ = {
			isa = PBXShellScriptBuildPhase;
			buildActionMask = 2147483647;
			files = (
			);
			inputPaths = (
				"${PODS_ROOT}/Target Support Files/Pods-WuKongIMSDK_Tests/Pods-WuKongIMSDK_Tests-frameworks.sh",
				"${BUILT_PRODUCTS_DIR}/Expecta/Expecta.framework",
				"${BUILT_PRODUCTS_DIR}/Expecta+Snapshots/Expecta_Snapshots.framework",
				"${BUILT_PRODUCTS_DIR}/FBSnapshotTestCase/FBSnapshotTestCase.framework",
				"${BUILT_PRODUCTS_DIR}/OCMock/OCMock.framework",
				"${BUILT_PRODUCTS_DIR}/Specta/Specta.framework",
			);
			name = "[CP] Embed Pods Frameworks";
			outputPaths = (
				"${TARGET_BUILD_DIR}/${FRAMEWORKS_FOLDER_PATH}/Expecta.framework",
				"${TARGET_BUILD_DIR}/${FRAMEWORKS_FOLDER_PATH}/Expecta_Snapshots.framework",
				"${TARGET_BUILD_DIR}/${FRAMEWORKS_FOLDER_PATH}/FBSnapshotTestCase.framework",
				"${TARGET_BUILD_DIR}/${FRAMEWORKS_FOLDER_PATH}/OCMock.framework",
				"${TARGET_BUILD_DIR}/${FRAMEWORKS_FOLDER_PATH}/Specta.framework",
			);
			runOnlyForDeploymentPostprocessing = 0;
			shellPath = /bin/sh;
			shellScript = "\"${PODS_ROOT}/Target Support Files/Pods-WuKongIMSDK_Tests/Pods-WuKongIMSDK_Tests-frameworks.sh\"\n";
			showEnvVarsInLog = 0;
		};
		D75B1EAB6F67B71D8B0E5BAE /* [CP] Check Pods Manifest.lock */ = {
			isa = PBXShellScriptBuildPhase;
			buildActionMask = 2147483647;
			files = (
			);
			inputFileListPaths = (
			);
			inputPaths = (
				"${PODS_PODFILE_DIR_PATH}/Podfile.lock",
				"${PODS_ROOT}/Manifest.lock",
			);
			name = "[CP] Check Pods Manifest.lock";
			outputFileListPaths = (
			);
			outputPaths = (
				"$(DERIVED_FILE_DIR)/Pods-WuKongIMSDK_Example-checkManifestLockResult.txt",
			);
			runOnlyForDeploymentPostprocessing = 0;
			shellPath = /bin/sh;
			shellScript = "diff \"${PODS_PODFILE_DIR_PATH}/Podfile.lock\" \"${PODS_ROOT}/Manifest.lock\" > /dev/null\nif [ $? != 0 ] ; then\n    # print error to STDERR\n    echo \"error: The sandbox is not in sync with the Podfile.lock. Run 'pod install' or update your CocoaPods installation.\" >&2\n    exit 1\nfi\n# This output is used by Xcode 'outputs' to avoid re-running this script phase.\necho \"SUCCESS\" > \"${SCRIPT_OUTPUT_FILE_0}\"\n";
			showEnvVarsInLog = 0;
		};
/* End PBXShellScriptBuildPhase section */

/* Begin PBXSourcesBuildPhase section */
		6003F586195388D20070C39A /* Sources */ = {
			isa = PBXSourcesBuildPhase;
			buildActionMask = 2147483647;
			files = (
				711496962A1B136E000A0C79 /* WKViewController.m in Sources */,
				711496932A1B136E000A0C79 /* main.m in Sources */,
				711496902A1B136E000A0C79 /* WKAppDelegate.m in Sources */,
			);
			runOnlyForDeploymentPostprocessing = 0;
		};
		6003F5AA195388D20070C39A /* Sources */ = {
			isa = PBXSourcesBuildPhase;
			buildActionMask = 2147483647;
			files = (
				71A890872388E2CE00AD05A6 /* LIMConnectionManagerTests.m in Sources */,
				71A8909D238B882100AD05A6 /* LIMCoderTests.m in Sources */,
				6003F5BC195388D20070C39A /* Tests.m in Sources */,
			);
			runOnlyForDeploymentPostprocessing = 0;
		};
/* End PBXSourcesBuildPhase section */

/* Begin PBXTargetDependency section */
		6003F5B4195388D20070C39A /* PBXTargetDependency */ = {
			isa = PBXTargetDependency;
			target = 6003F589195388D20070C39A /* WuKongIMSDK_Example */;
			targetProxy = 6003F5B3195388D20070C39A /* PBXContainerItemProxy */;
		};
/* End PBXTargetDependency section */

/* Begin PBXVariantGroup section */
		6003F5B8195388D20070C39A /* InfoPlist.strings */ = {
			isa = PBXVariantGroup;
			children = (
				6003F5B9195388D20070C39A /* en */,
			);
			name = InfoPlist.strings;
			sourceTree = "<group>";
		};
		711496812A1B136D000A0C79 /* InfoPlist.strings */ = {
			isa = PBXVariantGroup;
			children = (
				711496822A1B136D000A0C79 /* en */,
			);
			name = InfoPlist.strings;
			sourceTree = "<group>";
		};
		711496862A1B136D000A0C79 /* LaunchScreen.storyboard */ = {
			isa = PBXVariantGroup;
			children = (
				711496872A1B136D000A0C79 /* Base */,
			);
			name = LaunchScreen.storyboard;
			sourceTree = "<group>";
		};
		711496882A1B136D000A0C79 /* Main.storyboard */ = {
			isa = PBXVariantGroup;
			children = (
				711496892A1B136D000A0C79 /* Base */,
			);
			name = Main.storyboard;
			sourceTree = "<group>";
		};
/* End PBXVariantGroup section */

/* Begin XCBuildConfiguration section */
		6003F5BD195388D20070C39A /* Debug */ = {
			isa = XCBuildConfiguration;
			buildSettings = {
				ALWAYS_SEARCH_USER_PATHS = NO;
				CLANG_ANALYZER_LOCALIZABILITY_NONLOCALIZED = YES;
				CLANG_CXX_LANGUAGE_STANDARD = "gnu++0x";
				CLANG_CXX_LIBRARY = "libc++";
				CLANG_ENABLE_MODULES = YES;
				CLANG_ENABLE_OBJC_ARC = YES;
				CLANG_WARN_BLOCK_CAPTURE_AUTORELEASING = YES;
				CLANG_WARN_BOOL_CONVERSION = YES;
				CLANG_WARN_COMMA = YES;
				CLANG_WARN_CONSTANT_CONVERSION = YES;
				CLANG_WARN_DEPRECATED_OBJC_IMPLEMENTATIONS = YES;
				CLANG_WARN_DIRECT_OBJC_ISA_USAGE = YES_ERROR;
				CLANG_WARN_EMPTY_BODY = YES;
				CLANG_WARN_ENUM_CONVERSION = YES;
				CLANG_WARN_INFINITE_RECURSION = YES;
				CLANG_WARN_INT_CONVERSION = YES;
				CLANG_WARN_NON_LITERAL_NULL_CONVERSION = YES;
				CLANG_WARN_OBJC_IMPLICIT_RETAIN_SELF = YES;
				CLANG_WARN_OBJC_LITERAL_CONVERSION = YES;
				CLANG_WARN_OBJC_ROOT_CLASS = YES_ERROR;
				CLANG_WARN_RANGE_LOOP_ANALYSIS = YES;
				CLANG_WARN_STRICT_PROTOTYPES = YES;
				CLANG_WARN_SUSPICIOUS_MOVE = YES;
				CLANG_WARN_UNREACHABLE_CODE = YES;
				CLANG_WARN__DUPLICATE_METHOD_MATCH = YES;
				"CODE_SIGN_IDENTITY[sdk=iphoneos*]" = "iPhone Developer";
				COPY_PHASE_STRIP = NO;
				ENABLE_STRICT_OBJC_MSGSEND = YES;
				ENABLE_TESTABILITY = YES;
				GCC_C_LANGUAGE_STANDARD = gnu99;
				GCC_DYNAMIC_NO_PIC = NO;
				GCC_NO_COMMON_BLOCKS = YES;
				GCC_OPTIMIZATION_LEVEL = 0;
				GCC_PREPROCESSOR_DEFINITIONS = (
					"DEBUG=1",
					"$(inherited)",
				);
				GCC_SYMBOLS_PRIVATE_EXTERN = NO;
				GCC_WARN_64_TO_32_BIT_CONVERSION = YES;
				GCC_WARN_ABOUT_RETURN_TYPE = YES_ERROR;
				GCC_WARN_UNDECLARED_SELECTOR = YES;
				GCC_WARN_UNINITIALIZED_AUTOS = YES_AGGRESSIVE;
				GCC_WARN_UNUSED_FUNCTION = YES;
				GCC_WARN_UNUSED_VARIABLE = YES;
				IPHONEOS_DEPLOYMENT_TARGET = 12.0;
				ONLY_ACTIVE_ARCH = YES;
				SDKROOT = iphoneos;
				TARGETED_DEVICE_FAMILY = "1,2";
			};
			name = Debug;
		};
		6003F5BE195388D20070C39A /* Release */ = {
			isa = XCBuildConfiguration;
			buildSettings = {
				ALWAYS_SEARCH_USER_PATHS = NO;
				CLANG_ANALYZER_LOCALIZABILITY_NONLOCALIZED = YES;
				CLANG_CXX_LANGUAGE_STANDARD = "gnu++0x";
				CLANG_CXX_LIBRARY = "libc++";
				CLANG_ENABLE_MODULES = YES;
				CLANG_ENABLE_OBJC_ARC = YES;
				CLANG_WARN_BLOCK_CAPTURE_AUTORELEASING = YES;
				CLANG_WARN_BOOL_CONVERSION = YES;
				CLANG_WARN_COMMA = YES;
				CLANG_WARN_CONSTANT_CONVERSION = YES;
				CLANG_WARN_DEPRECATED_OBJC_IMPLEMENTATIONS = YES;
				CLANG_WARN_DIRECT_OBJC_ISA_USAGE = YES_ERROR;
				CLANG_WARN_EMPTY_BODY = YES;
				CLANG_WARN_ENUM_CONVERSION = YES;
				CLANG_WARN_INFINITE_RECURSION = YES;
				CLANG_WARN_INT_CONVERSION = YES;
				CLANG_WARN_NON_LITERAL_NULL_CONVERSION = YES;
				CLANG_WARN_OBJC_IMPLICIT_RETAIN_SELF = YES;
				CLANG_WARN_OBJC_LITERAL_CONVERSION = YES;
				CLANG_WARN_OBJC_ROOT_CLASS = YES_ERROR;
				CLANG_WARN_RANGE_LOOP_ANALYSIS = YES;
				CLANG_WARN_STRICT_PROTOTYPES = YES;
				CLANG_WARN_SUSPICIOUS_MOVE = YES;
				CLANG_WARN_UNREACHABLE_CODE = YES;
				CLANG_WARN__DUPLICATE_METHOD_MATCH = YES;
				"CODE_SIGN_IDENTITY[sdk=iphoneos*]" = "iPhone Developer";
				COPY_PHASE_STRIP = YES;
				ENABLE_NS_ASSERTIONS = NO;
				ENABLE_STRICT_OBJC_MSGSEND = YES;
				GCC_C_LANGUAGE_STANDARD = gnu99;
				GCC_NO_COMMON_BLOCKS = YES;
				GCC_WARN_64_TO_32_BIT_CONVERSION = YES;
				GCC_WARN_ABOUT_RETURN_TYPE = YES_ERROR;
				GCC_WARN_UNDECLARED_SELECTOR = YES;
				GCC_WARN_UNINITIALIZED_AUTOS = YES_AGGRESSIVE;
				GCC_WARN_UNUSED_FUNCTION = YES;
				GCC_WARN_UNUSED_VARIABLE = YES;
				IPHONEOS_DEPLOYMENT_TARGET = 12.0;
				SDKROOT = iphoneos;
				TARGETED_DEVICE_FAMILY = "1,2";
				VALIDATE_PRODUCT = YES;
			};
			name = Release;
		};
		6003F5C0195388D20070C39A /* Debug */ = {
			isa = XCBuildConfiguration;
			baseConfigurationReference = 71E012CFF8D0EF84C1E1B09C /* Pods-WuKongIMSDK_Example.debug.xcconfig */;
			buildSettings = {
				ASSETCATALOG_COMPILER_APPICON_NAME = AppIcon;
				DEVELOPMENT_TEAM = H8PU463W68;
				GCC_PRECOMPILE_PREFIX_HEADER = YES;
				GCC_PREFIX_HEADER = "WuKongIMSDKExample/WuKongIMSDK-Prefix.pch";
				INFOPLIST_FILE = "WuKongIMSDKExample/WuKongIMSDK-Info.plist";
				MODULE_NAME = ExampleApp;
				OTHER_LDFLAGS = (
					"$(inherited)",
					"-framework",
					"\"CFNetwork\"",
					"-framework",
					"\"CocoaAsyncSocket\"",
					"-framework",
					"\"WuKongIMSDK\"",
					"-framework",
					"\"MapKit\"",
					"-framework",
					"\"Security\"",
					"-framework",
					"\"UIKit\"",
				);
				PRODUCT_BUNDLE_IDENTIFIER = "org.cocoapods.demo.${PRODUCT_NAME:rfc1034identifier}";
				PRODUCT_NAME = "$(TARGET_NAME)";
				SWIFT_VERSION = 5.0;
				WRAPPER_EXTENSION = app;
			};
			name = Debug;
		};
		6003F5C1195388D20070C39A /* Release */ = {
			isa = XCBuildConfiguration;
			baseConfigurationReference = E0D6D7DF2C359BE42EE85DAE /* Pods-WuKongIMSDK_Example.release.xcconfig */;
			buildSettings = {
				ASSETCATALOG_COMPILER_APPICON_NAME = AppIcon;
				DEVELOPMENT_TEAM = H8PU463W68;
				GCC_PRECOMPILE_PREFIX_HEADER = YES;
				GCC_PREFIX_HEADER = "WuKongIMSDKExample/WuKongIMSDK-Prefix.pch";
				INFOPLIST_FILE = "WuKongIMSDKExample/WuKongIMSDK-Info.plist";
				MODULE_NAME = ExampleApp;
				OTHER_LDFLAGS = (
					"$(inherited)",
					"-framework",
					"\"CFNetwork\"",
					"-framework",
					"\"CocoaAsyncSocket\"",
					"-framework",
					"\"WuKongIMSDK\"",
					"-framework",
					"\"MapKit\"",
					"-framework",
					"\"Security\"",
					"-framework",
					"\"UIKit\"",
				);
				PRODUCT_BUNDLE_IDENTIFIER = "org.cocoapods.demo.${PRODUCT_NAME:rfc1034identifier}";
				PRODUCT_NAME = "$(TARGET_NAME)";
				SWIFT_VERSION = 5.0;
				WRAPPER_EXTENSION = app;
			};
			name = Release;
		};
		6003F5C3195388D20070C39A /* Debug */ = {
			isa = XCBuildConfiguration;
			baseConfigurationReference = C1CCC2E9B8F1E3D0E941E4E6 /* Pods-WuKongIMSDK_Tests.debug.xcconfig */;
			buildSettings = {
				BUNDLE_LOADER = "$(TEST_HOST)";
				FRAMEWORK_SEARCH_PATHS = (
					"$(PLATFORM_DIR)/Developer/Library/Frameworks",
					"$(inherited)",
					"$(DEVELOPER_FRAMEWORKS_DIR)",
				);
				GCC_PRECOMPILE_PREFIX_HEADER = YES;
				GCC_PREFIX_HEADER = "Tests/Tests-Prefix.pch";
				GCC_PREPROCESSOR_DEFINITIONS = (
					"DEBUG=1",
					"$(inherited)",
				);
				INFOPLIST_FILE = "Tests/Tests-Info.plist";
				OTHER_LDFLAGS = (
					"$(inherited)",
					"-framework",
					"\"CFNetwork\"",
					"-framework",
					"\"CocoaAsyncSocket\"",
					"-framework",
					"\"Expecta\"",
					"-framework",
					"\"Expecta_Snapshots\"",
					"-framework",
					"\"FBSnapshotTestCase\"",
					"-framework",
					"\"Foundation\"",
					"-framework",
					"\"WuKongIMSDK\"",
					"-framework",
					"\"MapKit\"",
					"-framework",
					"\"QuartzCore\"",
					"-framework",
					"\"Security\"",
					"-framework",
					"\"Specta\"",
					"-framework",
					"\"UIKit\"",
					"-framework",
					"\"XCTest\"",
					"-ObjC",
				);
				PRODUCT_BUNDLE_IDENTIFIER = "org.cocoapods.demo.${PRODUCT_NAME:rfc1034identifier}";
				PRODUCT_NAME = "$(TARGET_NAME)";
				SWIFT_VERSION = 4.0;
				TEST_HOST = "$(BUILT_PRODUCTS_DIR)/WuKongIMSDK_Example.app/WuKongIMSDK_Example";
				WRAPPER_EXTENSION = xctest;
			};
			name = Debug;
		};
		6003F5C4195388D20070C39A /* Release */ = {
			isa = XCBuildConfiguration;
			baseConfigurationReference = 209D67C0C3DCC1C02DF08F77 /* Pods-WuKongIMSDK_Tests.release.xcconfig */;
			buildSettings = {
				BUNDLE_LOADER = "$(TEST_HOST)";
				FRAMEWORK_SEARCH_PATHS = (
					"$(PLATFORM_DIR)/Developer/Library/Frameworks",
					"$(inherited)",
					"$(DEVELOPER_FRAMEWORKS_DIR)",
				);
				GCC_PRECOMPILE_PREFIX_HEADER = YES;
				GCC_PREFIX_HEADER = "Tests/Tests-Prefix.pch";
				INFOPLIST_FILE = "Tests/Tests-Info.plist";
				OTHER_LDFLAGS = (
					"$(inherited)",
					"-framework",
					"\"CFNetwork\"",
					"-framework",
					"\"CocoaAsyncSocket\"",
					"-framework",
					"\"Expecta\"",
					"-framework",
					"\"Expecta_Snapshots\"",
					"-framework",
					"\"FBSnapshotTestCase\"",
					"-framework",
					"\"Foundation\"",
					"-framework",
					"\"WuKongIMSDK\"",
					"-framework",
					"\"MapKit\"",
					"-framework",
					"\"QuartzCore\"",
					"-framework",
					"\"Security\"",
					"-framework",
					"\"Specta\"",
					"-framework",
					"\"UIKit\"",
					"-framework",
					"\"XCTest\"",
					"-ObjC",
				);
				PRODUCT_BUNDLE_IDENTIFIER = "org.cocoapods.demo.${PRODUCT_NAME:rfc1034identifier}";
				PRODUCT_NAME = "$(TARGET_NAME)";
				SWIFT_VERSION = 4.0;
				TEST_HOST = "$(BUILT_PRODUCTS_DIR)/WuKongIMSDK_Example.app/WuKongIMSDK_Example";
				WRAPPER_EXTENSION = xctest;
			};
			name = Release;
		};
/* End XCBuildConfiguration section */

/* Begin XCConfigurationList section */
		6003F585195388D10070C39A /* Build configuration list for PBXProject "WuKongIMSDK" */ = {
			isa = XCConfigurationList;
			buildConfigurations = (
				6003F5BD195388D20070C39A /* Debug */,
				6003F5BE195388D20070C39A /* Release */,
			);
			defaultConfigurationIsVisible = 0;
			defaultConfigurationName = Release;
		};
		6003F5BF195388D20070C39A /* Build configuration list for PBXNativeTarget "WuKongIMSDK_Example" */ = {
			isa = XCConfigurationList;
			buildConfigurations = (
				6003F5C0195388D20070C39A /* Debug */,
				6003F5C1195388D20070C39A /* Release */,
			);
			defaultConfigurationIsVisible = 0;
			defaultConfigurationName = Release;
		};
		6003F5C2195388D20070C39A /* Build configuration list for PBXNativeTarget "WuKongIMSDK_Tests" */ = {
			isa = XCConfigurationList;
			buildConfigurations = (
				6003F5C3195388D20070C39A /* Debug */,
				6003F5C4195388D20070C39A /* Release */,
			);
			defaultConfigurationIsVisible = 0;
			defaultConfigurationName = Release;
		};
/* End XCConfigurationList section */
	};
	rootObject = 6003F582195388D10070C39A /* Project object */;
}
